
Microsoft Visual Studio Solution File, Format Version 12.00
# Visual Studio Version 17
VisualStudioVersion = 17.8.34511.84
MinimumVisualStudioVersion = 10.0.40219.1
Project("{FAE04EC0-301F-11D3-BF4B-00C04F79EFBC}") = "Prueba final", "Prueba final\Prueba final.csproj", "{F1311FCF-3268-4C59-9817-4C10C08D2082}"
EndProject
Global
	GlobalSection(SolutionConfigurationPlatforms) = preSolution
		Debug|Any CPU = Debug|Any CPU
		Release|Any CPU = Release|Any CPU
	EndGlobalSection
	GlobalSection(ProjectConfigurationPlatforms) = postSolution
		{F1311FCF-3268-4C59-9817-4C10C08D2082}.Debug|Any CPU.ActiveCfg = Debug|Any CPU
		{F1311FCF-3268-4C59-9817-4C10C08D2082}.Debug|Any CPU.Build.0 = Debug|Any CPU
		{F1311FCF-3268-4C59-9817-4C10C08D2082}.Release|Any CPU.ActiveCfg = Release|Any CPU
		{F1311FCF-3268-4C59-9817-4C10C08D2082}.Release|Any CPU.Build.0 = Release|Any CPU
	EndGlobalSection
	GlobalSection(SolutionProperties) = preSolution
		HideSolutionNode = FALSE
	EndGlobalSection
	GlobalSection(ExtensibilityGlobals) = postSolution
		SolutionGuid = {93944C2D-8FFD-4363-92C3-9FD2BE2718BD}
	EndGlobalSection
EndGlobal
